
Microsoft Visual Studio Solution File, Format Version 12.00
# Visual Studio 15
VisualStudioVersion = 15.0.26403.7
MinimumVisualStudioVersion = 10.0.40219.1
Project("{FAE04EC0-301F-11D3-BF4B-00C04F79EFBC}") = "BL", "BL\BL.csproj", "{80376479-BAD0-4281-997F-842E28CC4155}"
EndProject
Project("{FAE04EC0-301F-11D3-BF4B-00C04F79EFBC}") = "BE", "BE\BE.csproj", "{D99BAAF6-E7DE-4E52-A41A-570BAACEEF7A}"
EndProject
Project("{FAE04EC0-301F-11D3-BF4B-00C04F79EFBC}") = "DAL", "DAL\DAL.csproj", "{AAF153A1-B5DD-4D15-8730-12B4E10B2E79}"
EndProject
Project("{FAE04EC0-301F-11D3-BF4B-00C04F79EFBC}") = "DS", "DS\DS.csproj", "{83F9BAB3-FDF6-4108-A699-75EDD148BDDC}"
EndProject
Project("{FAE04EC0-301F-11D3-BF4B-00C04F79EFBC}") = "Console", "Console\Console.csproj", "{92111DB8-5B7D-48AC-BA6F-0B7E5DF4CB5A}"
EndProject
Project("{2150E333-8FDC-42A3-9474-1A3956D46DE8}") = "DbFiles", "DbFiles", "{B0C7C9DB-CA1B-4F1F-A095-1976443BDBF5}"
	ProjectSection(SolutionItems) = preProject
		DbFiles2\Testers.xml = DbFiles2\Testers.xml
		DbFiles2\Tests.xml = DbFiles2\Tests.xml
		DbFiles2\Trainees.xml = DbFiles2\Trainees.xml
	EndProjectSection
EndProject
Global
	GlobalSection(SolutionConfigurationPlatforms) = preSolution
		Debug|Any CPU = Debug|Any CPU
		Release|Any CPU = Release|Any CPU
	EndGlobalSection
	GlobalSection(ProjectConfigurationPlatforms) = postSolution
		{80376479-BAD0-4281-997F-842E28CC4155}.Debug|Any CPU.ActiveCfg = Debug|Any CPU
		{80376479-BAD0-4281-997F-842E28CC4155}.Debug|Any CPU.Build.0 = Debug|Any CPU
		{80376479-BAD0-4281-997F-842E28CC4155}.Release|Any CPU.ActiveCfg = Release|Any CPU
		{80376479-BAD0-4281-997F-842E28CC4155}.Release|Any CPU.Build.0 = Release|Any CPU
		{D99BAAF6-E7DE-4E52-A41A-570BAACEEF7A}.Debug|Any CPU.ActiveCfg = Debug|Any CPU
		{D99BAAF6-E7DE-4E52-A41A-570BAACEEF7A}.Debug|Any CPU.Build.0 = Debug|Any CPU
		{D99BAAF6-E7DE-4E52-A41A-570BAACEEF7A}.Release|Any CPU.ActiveCfg = Release|Any CPU
		{D99BAAF6-E7DE-4E52-A41A-570BAACEEF7A}.Release|Any CPU.Build.0 = Release|Any CPU
		{AAF153A1-B5DD-4D15-8730-12B4E10B2E79}.Debug|Any CPU.ActiveCfg = Debug|Any CPU
		{AAF153A1-B5DD-4D15-8730-12B4E10B2E79}.Debug|Any CPU.Build.0 = Debug|Any CPU
		{AAF153A1-B5DD-4D15-8730-12B4E10B2E79}.Release|Any CPU.ActiveCfg = Release|Any CPU
		{AAF153A1-B5DD-4D15-8730-12B4E10B2E79}.Release|Any CPU.Build.0 = Release|Any CPU
		{83F9BAB3-FDF6-4108-A699-75EDD148BDDC}.Debug|Any CPU.ActiveCfg = Debug|Any CPU
		{83F9BAB3-FDF6-4108-A699-75EDD148BDDC}.Debug|Any CPU.Build.0 = Debug|Any CPU
		{83F9BAB3-FDF6-4108-A699-75EDD148BDDC}.Release|Any CPU.ActiveCfg = Release|Any CPU
		{83F9BAB3-FDF6-4108-A699-75EDD148BDDC}.Release|Any CPU.Build.0 = Release|Any CPU
		{92111DB8-5B7D-48AC-BA6F-0B7E5DF4CB5A}.Debug|Any CPU.ActiveCfg = Debug|Any CPU
		{92111DB8-5B7D-48AC-BA6F-0B7E5DF4CB5A}.Debug|Any CPU.Build.0 = Debug|Any CPU
		{92111DB8-5B7D-48AC-BA6F-0B7E5DF4CB5A}.Release|Any CPU.ActiveCfg = Release|Any CPU
		{92111DB8-5B7D-48AC-BA6F-0B7E5DF4CB5A}.Release|Any CPU.Build.0 = Release|Any CPU
	EndGlobalSection
	GlobalSection(SolutionProperties) = preSolution
		HideSolutionNode = FALSE
	EndGlobalSection
	GlobalSection(ExtensibilityGlobals) = postSolution
		SolutionGuid = {11E98216-258F-4192-B0CC-1B38C099EE6D}
	EndGlobalSection
EndGlobal
